
Microsoft Visual Studio Solution File, Format Version 12.00
# Visual Studio 15
VisualStudioVersion = 15.0.27130.2003
MinimumVisualStudioVersion = 10.0.40219.1
Project("{FAE04EC0-301F-11D3-BF4B-00C04F79EFBC}") = "EmergencyCenter.Core", "EmergencyCenter.Core\EmergencyCenter.Core.csproj", "{74171DF1-E467-43C0-B457-96767022101C}"
EndProject
Project("{FAE04EC0-301F-11D3-BF4B-00C04F79EFBC}") = "EmergencyCenter.Program", "EmergencyCenter.Program\EmergencyCenter.Program.csproj", "{1AFEFBD4-77F9-4170-AAE1-B3650B6A5CD2}"
EndProject
Project("{FAE04EC0-301F-11D3-BF4B-00C04F79EFBC}") = "JustTestProgram", "JustTestProgram\JustTestProgram.csproj", "{4F099CA7-F825-45F4-83C2-D44EDC18A962}"
EndProject
Project("{FAE04EC0-301F-11D3-BF4B-00C04F79EFBC}") = "EmergencyCenter.Units", "EmergencyCenter.Units\EmergencyCenter.Units.csproj", "{4DB1C01A-791F-40AA-80CA-C54567C28475}"
EndProject
Global
	GlobalSection(SolutionConfigurationPlatforms) = preSolution
		Debug|Any CPU = Debug|Any CPU
		Release|Any CPU = Release|Any CPU
	EndGlobalSection
	GlobalSection(ProjectConfigurationPlatforms) = postSolution
		{74171DF1-E467-43C0-B457-96767022101C}.Debug|Any CPU.ActiveCfg = Debug|Any CPU
		{74171DF1-E467-43C0-B457-96767022101C}.Debug|Any CPU.Build.0 = Debug|Any CPU
		{74171DF1-E467-43C0-B457-96767022101C}.Release|Any CPU.ActiveCfg = Release|Any CPU
		{74171DF1-E467-43C0-B457-96767022101C}.Release|Any CPU.Build.0 = Release|Any CPU
		{1AFEFBD4-77F9-4170-AAE1-B3650B6A5CD2}.Debug|Any CPU.ActiveCfg = Debug|Any CPU
		{1AFEFBD4-77F9-4170-AAE1-B3650B6A5CD2}.Debug|Any CPU.Build.0 = Debug|Any CPU
		{1AFEFBD4-77F9-4170-AAE1-B3650B6A5CD2}.Release|Any CPU.ActiveCfg = Release|Any CPU
		{1AFEFBD4-77F9-4170-AAE1-B3650B6A5CD2}.Release|Any CPU.Build.0 = Release|Any CPU
		{4F099CA7-F825-45F4-83C2-D44EDC18A962}.Debug|Any CPU.ActiveCfg = Debug|Any CPU
		{4F099CA7-F825-45F4-83C2-D44EDC18A962}.Debug|Any CPU.Build.0 = Debug|Any CPU
		{4F099CA7-F825-45F4-83C2-D44EDC18A962}.Release|Any CPU.ActiveCfg = Release|Any CPU
		{4F099CA7-F825-45F4-83C2-D44EDC18A962}.Release|Any CPU.Build.0 = Release|Any CPU
		{4DB1C01A-791F-40AA-80CA-C54567C28475}.Debug|Any CPU.ActiveCfg = Debug|Any CPU
		{4DB1C01A-791F-40AA-80CA-C54567C28475}.Debug|Any CPU.Build.0 = Debug|Any CPU
		{4DB1C01A-791F-40AA-80CA-C54567C28475}.Release|Any CPU.ActiveCfg = Release|Any CPU
		{4DB1C01A-791F-40AA-80CA-C54567C28475}.Release|Any CPU.Build.0 = Release|Any CPU
	EndGlobalSection
	GlobalSection(SolutionProperties) = preSolution
		HideSolutionNode = FALSE
	EndGlobalSection
	GlobalSection(ExtensibilityGlobals) = postSolution
		SolutionGuid = {69EFC5B2-DCBE-4C63-8858-9233E3097F1A}
	EndGlobalSection
EndGlobal
